
Microsoft Visual Studio Solution File, Format Version 12.00
# Visual Studio 15
VisualStudioVersion = 15.0.28307.329
MinimumVisualStudioVersion = 10.0.40219.1
Project("{FAE04EC0-301F-11D3-BF4B-00C04F79EFBC}") = "NoveltyWorkouts", "NoveltyWorkouts\NoveltyWorkouts.csproj", "{3565CE19-C818-4EC5-95AD-38C210DCB20E}"
EndProject
Global
	GlobalSection(SolutionConfigurationPlatforms) = preSolution
		Debug|Any CPU = Debug|Any CPU
		Release|Any CPU = Release|Any CPU
	EndGlobalSection
	GlobalSection(ProjectConfigurationPlatforms) = postSolution
		{3565CE19-C818-4EC5-95AD-38C210DCB20E}.Debug|Any CPU.ActiveCfg = Debug|Any CPU
		{3565CE19-C818-4EC5-95AD-38C210DCB20E}.Debug|Any CPU.Build.0 = Debug|Any CPU
		{3565CE19-C818-4EC5-95AD-38C210DCB20E}.Release|Any CPU.ActiveCfg = Release|Any CPU
		{3565CE19-C818-4EC5-95AD-38C210DCB20E}.Release|Any CPU.Build.0 = Release|Any CPU
	EndGlobalSection
	GlobalSection(SolutionProperties) = preSolution
		HideSolutionNode = FALSE
	EndGlobalSection
	GlobalSection(ExtensibilityGlobals) = postSolution
		SolutionGuid = {5903517A-784F-4EDD-BA99-4364C26469DC}
	EndGlobalSection
EndGlobal
